
Microsoft Visual Studio Solution File, Format Version 12.00
# Visual Studio Version 17
VisualStudioVersion = 17.7.34221.43
MinimumVisualStudioVersion = 10.0.40219.1
Project("{FAE04EC0-301F-11D3-BF4B-00C04F79EFBC}") = "Enhanced-1-Clic", "Enhanced-1-Clic\Enhanced-1-Clic.csproj", "{35D2D64F-4E63-45E2-A21F-E97D0C232788}"
EndProject
Global
	GlobalSection(SolutionConfigurationPlatforms) = preSolution
		Debug|Any CPU = Debug|Any CPU
		Release|Any CPU = Release|Any CPU
	EndGlobalSection
	GlobalSection(ProjectConfigurationPlatforms) = postSolution
		{35D2D64F-4E63-45E2-A21F-E97D0C232788}.Debug|Any CPU.ActiveCfg = Debug|Any CPU
		{35D2D64F-4E63-45E2-A21F-E97D0C232788}.Debug|Any CPU.Build.0 = Debug|Any CPU
		{35D2D64F-4E63-45E2-A21F-E97D0C232788}.Release|Any CPU.ActiveCfg = Release|Any CPU
		{35D2D64F-4E63-45E2-A21F-E97D0C232788}.Release|Any CPU.Build.0 = Release|Any CPU
	EndGlobalSection
	GlobalSection(SolutionProperties) = preSolution
		HideSolutionNode = FALSE
	EndGlobalSection
	GlobalSection(ExtensibilityGlobals) = postSolution
		SolutionGuid = {A781B51A-4737-4A84-AFC5-E1F5E79CFF50}
	EndGlobalSection
EndGlobal
